// !$*UTF8*$!
{
	archiveVersion = 1;
	classes = {
	};
	objectVersion = 77;
	objects = {

/* Begin PBXBuildFile section */
		B701A76A2F232DE80046F870 /* FirebaseAuth in Frameworks */ = {isa = PBXBuildFile; productRef = B701A7692F232DE80046F870 /* FirebaseAuth */; };
		B709EDFD2F9601E0002CAB18 /* FirebaseMessaging in Frameworks */ = {isa = PBXBuildFile; productRef = B709EDFC2F9601E0002CAB18 /* FirebaseMessaging */; };
		B722805E2F2873BB003C3BCE /* FirebaseCore in Frameworks */ = {isa = PBXBuildFile; productRef = B722805D2F2873BB003C3BCE /* FirebaseCore */; };
/* End PBXBuildFile section */

/* Begin PBXContainerItemProxy section */
		B7D69BDD2F21EA6000FB5504 /* PBXContainerItemProxy */ = {
			isa = PBXContainerItemProxy;
			containerPortal = B7D69BC32F21EA5D00FB5504 /* Project object */;
			proxyType = 1;
			remoteGlobalIDString = B7D69BCA2F21EA5D00FB5504;
			remoteInfo = swiftuilearning;
		};
		B7D69BE72F21EA6000FB5504 /* PBXContainerItemProxy */ = {
			isa = PBXContainerItemProxy;
			containerPortal = B7D69BC32F21EA5D00FB5504 /* Project object */;
			proxyType = 1;
			remoteGlobalIDString = B7D69BCA2F21EA5D00FB5504;
			remoteInfo = swiftuilearning;
		};
/* End PBXContainerItemProxy section */

/* Begin PBXFileReference section */
		B7D69BCB2F21EA5D00FB5504 /* swiftuilearning.app */ = {isa = PBXFileReference; explicitFileType = wrapper.application; includeInIndex = 0; path = swiftuilearning.app; sourceTree = BUILT_PRODUCTS_DIR; };
		B7D69BDC2F21EA6000FB5504 /* swiftuilearningTests.xctest */ = {isa = PBXFileReference; explicitFileType = wrapper.cfbundle; includeInIndex = 0; path = swiftuilearningTests.xctest; sourceTree = BUILT_PRODUCTS_DIR; };
		B7D69BE62F21EA6000FB5504 /* swiftuilearningUITests.xctest */ = {isa = PBXFileReference; explicitFileType = wrapper.cfbundle; includeInIndex = 0; path = swiftuilearningUITests.xctest; sourceTree = BUILT_PRODUCTS_DIR; };
/* End PBXFileReference section */

/* Begin PBXFileSystemSynchronizedBuildFileExceptionSet section */
		B701A76C2F2335B80046F870 /* Exceptions for "swiftuilearning" folder in "swiftuilearning" target */ = {
			isa = PBXFileSystemSynchronizedBuildFileExceptionSet;
			membershipExceptions = (
				Info.plist,
			);
			target = B7D69BCA2F21EA5D00FB5504 /* swiftuilearning */;
		};
/* End PBXFileSystemSynchronizedBuildFileExceptionSet section */

/* Begin PBXFileSystemSynchronizedRootGroup section */
		B7D69BCD2F21EA5D00FB5504 /* swiftuilearning */ = {
			isa = PBXFileSystemSynchronizedRootGroup;
			exceptions = (
				B701A76C2F2335B80046F870 /* Exceptions for "swiftuilearning" folder in "swiftuilearning" target */,
			);
			path = swiftuilearning;
			sourceTree = "<group>";
		};
		B7D69BDF2F21EA6000FB5504 /* swiftuilearningTests */ = {
			isa = PBXFileSystemSynchronizedRootGroup;
			path = swiftuilearningTests;
			sourceTree = "<group>";
		};
		B7D69BE92F21EA6000FB5504 /* swiftuilearningUITests */ = {
			isa = PBXFileSystemSynchronizedRootGroup;
			path = swiftuilearningUITests;
			sourceTree = "<group>";
		};
/* End PBXFileSystemSynchronizedRootGroup section */

/* Begin PBXFrameworksBuildPhase section */
		B7D69BC82F21EA5D00FB5504 /* Frameworks */ = {
			isa = PBXFrameworksBuildPhase;
			buildActionMask = 2147483647;
			files = (
				B709EDFD2F9601E0002CAB18 /* FirebaseMessaging in Frameworks */,
				B722805E2F2873BB003C3BCE /* FirebaseCore in Frameworks */,
				B701A76A2F232DE80046F870 /* FirebaseAuth in Frameworks */,
			);
			runOnlyForDeploymentPostprocessing = 0;
		};
		B7D69BD92F21EA6000FB5504 /* Frameworks */ = {
			isa = PBXFrameworksBuildPhase;
			buildActionMask = 2147483647;
			files = (
			);
			runOnlyForDeploymentPostprocessing = 0;
		};
		B7D69BE32F21EA6000FB5504 /* Frameworks */ = {
			isa = PBXFrameworksBuildPhase;
			buildActionMask = 2147483647;
			files = (
			);
			runOnlyForDeploymentPostprocessing = 0;
		};
/* End PBXFrameworksBuildPhase section */

/* Begin PBXGroup section */
		B722805C2F2873BB003C3BCE /* Frameworks */ = {
			isa = PBXGroup;
			children = (
			);
			name = Frameworks;
			sourceTree = "<group>";
		};
		B7D69BC22F21EA5D00FB5504 = {
			isa = PBXGroup;
			children = (
				B7D69BCD2F21EA5D00FB5504 /* swiftuilearning */,
				B7D69BDF2F21EA6000FB5504 /* swiftuilearningTests */,
				B7D69BE92F21EA6000FB5504 /* swiftuilearningUITests */,
				B722805C2F2873BB003C3BCE /* Frameworks */,
				B7D69BCC2F21EA5D00FB5504 /* Products */,
			);
			sourceTree = "<group>";
		};
		B7D69BCC2F21EA5D00FB5504 /* Products */ = {
			isa = PBXGroup;
			children = (
				B7D69BCB2F21EA5D00FB5504 /* swiftuilearning.app */,
				B7D69BDC2F21EA6000FB5504 /* swiftuilearningTests.xctest */,
				B7D69BE62F21EA6000FB5504 /* swiftuilearningUITests.xctest */,
			);
			name = Products;
			sourceTree = "<group>";
		};
/* End PBXGroup section */

/* Begin PBXNativeTarget section */
		B7D69BCA2F21EA5D00FB5504 /* swiftuilearning */ = {
			isa = PBXNativeTarget;
			buildConfigurationList = B7D69BF02F21EA6000FB5504 /* Build configuration list for PBXNativeTarget "swiftuilearning" */;
			buildPhases = (
				B7D69BC72F21EA5D00FB5504 /* Sources */,
				B7D69BC82F21EA5D00FB5504 /* Frameworks */,
				B7D69BC92F21EA5D00FB5504 /* Resources */,
			);
			buildRules = (
			);
			dependencies = (
			);
			fileSystemSynchronizedGroups = (
				B7D69BCD2F21EA5D00FB5504 /* swiftuilearning */,
			);
			name = swiftuilearning;
			packageProductDependencies = (
				B701A7692F232DE80046F870 /* FirebaseAuth */,
				B722805D2F2873BB003C3BCE /* FirebaseCore */,
				B709EDFC2F9601E0002CAB18 /* FirebaseMessaging */,
			);
			productName = swiftuilearning;
			productReference = B7D69BCB2F21EA5D00FB5504 /* swiftuilearning.app */;
			productType = "com.apple.product-type.application";
		};
		B7D69BDB2F21EA6000FB5504 /* swiftuilearningTests */ = {
			isa = PBXNativeTarget;
			buildConfigurationList = B7D69BF32F21EA6000FB5504 /* Build configuration list for PBXNativeTarget "swiftuilearningTests" */;
			buildPhases = (
				B7D69BD82F21EA6000FB5504 /* Sources */,
				B7D69BD92F21EA6000FB5504 /* Frameworks */,
				B7D69BDA2F21EA6000FB5504 /* Resources */,
			);
			buildRules = (
			);
			dependencies = (
				B7D69BDE2F21EA6000FB5504 /* PBXTargetDependency */,
			);
			fileSystemSynchronizedGroups = (
				B7D69BDF2F21EA6000FB5504 /* swiftuilearningTests */,
			);
			name = swiftuilearningTests;
			packageProductDependencies = (
			);
			productName = swiftuilearningTests;
			productReference = B7D69BDC2F21EA6000FB5504 /* swiftuilearningTests.xctest */;
			productType = "com.apple.product-type.bundle.unit-test";
		};
		B7D69BE52F21EA6000FB5504 /* swiftuilearningUITests */ = {
			isa = PBXNativeTarget;
			buildConfigurationList = B7D69BF62F21EA6000FB5504 /* Build configuration list for PBXNativeTarget "swiftuilearningUITests" */;
			buildPhases = (
				B7D69BE22F21EA6000FB5504 /* Sources */,
				B7D69BE32F21EA6000FB5504 /* Frameworks */,
				B7D69BE42F21EA6000FB5504 /* Resources */,
			);
			buildRules = (
			);
			dependencies = (
				B7D69BE82F21EA6000FB5504 /* PBXTargetDependency */,
			);
			fileSystemSynchronizedGroups = (
				B7D69BE92F21EA6000FB5504 /* swiftuilearningUITests */,
			);
			name = swiftuilearningUITests;
			packageProductDependencies = (
			);
			productName = swiftuilearningUITests;
			productReference = B7D69BE62F21EA6000FB5504 /* swiftuilearningUITests.xctest */;
			productType = "com.apple.product-type.bundle.ui-testing";
		};
/* End PBXNativeTarget section */

/* Begin PBXProject section */
		B7D69BC32F21EA5D00FB5504 /* Project object */ = {
			isa = PBXProject;
			attributes = {
				BuildIndependentTargetsInParallel = 1;
				LastSwiftUpdateCheck = 1610;
				LastUpgradeCheck = 1610;
				TargetAttributes = {
					B7D69BCA2F21EA5D00FB5504 = {
						CreatedOnToolsVersion = 16.1;
					};
					B7D69BDB2F21EA6000FB5504 = {
						CreatedOnToolsVersion = 16.1;
						TestTargetID = B7D69BCA2F21EA5D00FB5504;
					};
					B7D69BE52F21EA6000FB5504 = {
						CreatedOnToolsVersion = 16.1;
						TestTargetID = B7D69BCA2F21EA5D00FB5504;
					};
				};
			};
			buildConfigurationList = B7D69BC62F21EA5D00FB5504 /* Build configuration list for PBXProject "swiftuilearning" */;
			developmentRegion = en;
			hasScannedForEncodings = 0;
			knownRegions = (
				en,
				Base,
			);
			mainGroup = B7D69BC22F21EA5D00FB5504;
			minimizedProjectReferenceProxies = 1;
			packageReferences = (
				B701A7682F232CF00046F870 /* XCRemoteSwiftPackageReference "firebase-ios-sdk" */,
			);
			preferredProjectObjectVersion = 77;
			productRefGroup = B7D69BCC2F21EA5D00FB5504 /* Products */;
			projectDirPath = "";
			projectRoot = "";
			targets = (
				B7D69BCA2F21EA5D00FB5504 /* swiftuilearning */,
				B7D69BDB2F21EA6000FB5504 /* swiftuilearningTests */,
				B7D69BE52F21EA6000FB5504 /* swiftuilearningUITests */,
			);
		};
/* End PBXProject section */

/* Begin PBXResourcesBuildPhase section */
		B7D69BC92F21EA5D00FB5504 /* Resources */ = {
			isa = PBXResourcesBuildPhase;
			buildActionMask = 2147483647;
			files = (
			);
			runOnlyForDeploymentPostprocessing = 0;
		};
		B7D69BDA2F21EA6000FB5504 /* Resources */ = {
			isa = PBXResourcesBuildPhase;
			buildActionMask = 2147483647;
			files = (
			);
			runOnlyForDeploymentPostprocessing = 0;
		};
		B7D69BE42F21EA6000FB5504 /* Resources */ = {
			isa = PBXResourcesBuildPhase;
			buildActionMask = 2147483647;
			files = (
			);
			runOnlyForDeploymentPostprocessing = 0;
		};
/* End PBXResourcesBuildPhase section */

/* Begin PBXSourcesBuildPhase section */
		B7D69BC72F21EA5D00FB5504 /* Sources */ = {
			isa = PBXSourcesBuildPhase;
			buildActionMask = 2147483647;
			files = (
			);
			runOnlyForDeploymentPostprocessing = 0;
		};
		B7D69BD82F21EA6000FB5504 /* Sources */ = {
			isa = PBXSourcesBuildPhase;
			buildActionMask = 2147483647;
			files = (
			);
			runOnlyForDeploymentPostprocessing = 0;
		};
		B7D69BE22F21EA6000FB5504 /* Sources */ = {
			isa = PBXSourcesBuildPhase;
			buildActionMask = 2147483647;
			files = (
			);
			runOnlyForDeploymentPostprocessing = 0;
		};
/* End PBXSourcesBuildPhase section */

/* Begin PBXTargetDependency section */
		B7D69BDE2F21EA6000FB5504 /* PBXTargetDependency */ = {
			isa = PBXTargetDependency;
			target = B7D69BCA2F21EA5D00FB5504 /* swiftuilearning */;
			targetProxy = B7D69BDD2F21EA6000FB5504 /* PBXContainerItemProxy */;
		};
		B7D69BE82F21EA6000FB5504 /* PBXTargetDependency */ = {
			isa = PBXTargetDependency;
			target = B7D69BCA2F21EA5D00FB5504 /* swiftuilearning */;
			targetProxy = B7D69BE72F21EA6000FB5504 /* PBXContainerItemProxy */;
		};
/* End PBXTargetDependency section */

/* Begin XCBuildConfiguration section */
		B7D69BEE2F21EA6000FB5504 /* Debug */ = {
			isa = XCBuildConfiguration;
			buildSettings = {
				ALWAYS_SEARCH_USER_PATHS = NO;
				ASSETCATALOG_COMPILER_GENERATE_SWIFT_ASSET_SYMBOL_EXTENSIONS = YES;
				CLANG_ANALYZER_NONNULL = YES;
				CLANG_ANALYZER_NUMBER_OBJECT_CONVERSION = YES_AGGRESSIVE;
				CLANG_CXX_LANGUAGE_STANDARD = "gnu++20";
				CLANG_ENABLE_MODULES = YES;
				CLANG_ENABLE_OBJC_ARC = YES;
				CLANG_ENABLE_OBJC_WEAK = YES;
				CLANG_WARN_BLOCK_CAPTURE_AUTORELEASING = YES;
				CLANG_WARN_BOOL_CONVERSION = YES;
				CLANG_WARN_COMMA = YES;
				CLANG_WARN_CONSTANT_CONVERSION = YES;
				CLANG_WARN_DEPRECATED_OBJC_IMPLEMENTATIONS = YES;
				CLANG_WARN_DIRECT_OBJC_ISA_USAGE = YES_ERROR;
				CLANG_WARN_DOCUMENTATION_COMMENTS = YES;
				CLANG_WARN_EMPTY_BODY = YES;
				CLANG_WARN_ENUM_CONVERSION = YES;
				CLANG_WARN_INFINITE_RECURSION = YES;
				CLANG_WARN_INT_CONVERSION = YES;
				CLANG_WARN_NON_LITERAL_NULL_CONVERSION = YES;
				CLANG_WARN_OBJC_IMPLICIT_RETAIN_SELF = YES;
				CLANG_WARN_OBJC_LITERAL_CONVERSION = YES;
				CLANG_WARN_OBJC_ROOT_CLASS = YES_ERROR;
				CLANG_WARN_QUOTED_INCLUDE_IN_FRAMEWORK_HEADER = YES;
				CLANG_WARN_RANGE_LOOP_ANALYSIS = YES;
				CLANG_WARN_STRICT_PROTOTYPES = YES;
				CLANG_WARN_SUSPICIOUS_MOVE = YES;
				CLANG_WARN_UNGUARDED_AVAILABILITY = YES_AGGRESSIVE;
				CLANG_WARN_UNREACHABLE_CODE = YES;
				CLANG_WARN__DUPLICATE_METHOD_MATCH = YES;
				COPY_PHASE_STRIP = NO;
				DEBUG_INFORMATION_FORMAT = dwarf;
				ENABLE_STRICT_OBJC_MSGSEND = YES;
				ENABLE_TESTABILITY = YES;
				ENABLE_USER_SCRIPT_SANDBOXING = YES;
				GCC_C_LANGUAGE_STANDARD = gnu17;
				GCC_DYNAMIC_NO_PIC = NO;
				GCC_NO_COMMON_BLOCKS = YES;
				GCC_OPTIMIZATION_LEVEL = 0;
				GCC_PREPROCESSOR_DEFINITIONS = (
					"DEBUG=1",
					"$(inherited)",
				);
				GCC_WARN_64_TO_32_BIT_CONVERSION = YES;
				GCC_WARN_ABOUT_RETURN_TYPE = YES_ERROR;
				GCC_WARN_UNDECLARED_SELECTOR = YES;
				GCC_WARN_UNINITIALIZED_AUTOS = YES_AGGRESSIVE;
				GCC_WARN_UNUSED_FUNCTION = YES;
				GCC_WARN_UNUSED_VARIABLE = YES;
				LOCALIZATION_PREFERS_STRING_CATALOGS = YES;
				MTL_ENABLE_DEBUG_INFO = INCLUDE_SOURCE;
				MTL_FAST_MATH = YES;
				ONLY_ACTIVE_ARCH = YES;
				SWIFT_ACTIVE_COMPILATION_CONDITIONS = "DEBUG $(inherited)";
				SWIFT_OPTIMIZATION_LEVEL = "-Onone";
			};
			name = Debug;
		};
		B7D69BEF2F21EA6000FB5504 /* Release */ = {
			isa = XCBuildConfiguration;
			buildSettings = {
				ALWAYS_SEARCH_USER_PATHS = NO;
				ASSETCATALOG_COMPILER_GENERATE_SWIFT_ASSET_SYMBOL_EXTENSIONS = YES;
				CLANG_ANALYZER_NONNULL = YES;
				CLANG_ANALYZER_NUMBER_OBJECT_CONVERSION = YES_AGGRESSIVE;
				CLANG_CXX_LANGUAGE_STANDARD = "gnu++20";
				CLANG_ENABLE_MODULES = YES;
				CLANG_ENABLE_OBJC_ARC = YES;
				CLANG_ENABLE_OBJC_WEAK = YES;
				CLANG_WARN_BLOCK_CAPTURE_AUTORELEASING = YES;
				CLANG_WARN_BOOL_CONVERSION = YES;
				CLANG_WARN_COMMA = YES;
				CLANG_WARN_CONSTANT_CONVERSION = YES;
				CLANG_WARN_DEPRECATED_OBJC_IMPLEMENTATIONS = YES;
				CLANG_WARN_DIRECT_OBJC_ISA_USAGE = YES_ERROR;
				CLANG_WARN_DOCUMENTATION_COMMENTS = YES;
				CLANG_WARN_EMPTY_BODY = YES;
				CLANG_WARN_ENUM_CONVERSION = YES;
				CLANG_WARN_INFINITE_RECURSION = YES;
				CLANG_WARN_INT_CONVERSION = YES;
				CLANG_WARN_NON_LITERAL_NULL_CONVERSION = YES;
				CLANG_WARN_OBJC_IMPLICIT_RETAIN_SELF = YES;
				CLANG_WARN_OBJC_LITERAL_CONVERSION = YES;
				CLANG_WARN_OBJC_ROOT_CLASS = YES_ERROR;
				CLANG_WARN_QUOTED_INCLUDE_IN_FRAMEWORK_HEADER = YES;
				CLANG_WARN_RANGE_LOOP_ANALYSIS = YES;
				CLANG_WARN_STRICT_PROTOTYPES = YES;
				CLANG_WARN_SUSPICIOUS_MOVE = YES;
				CLANG_WARN_UNGUARDED_AVAILABILITY = YES_AGGRESSIVE;
				CLANG_WARN_UNREACHABLE_CODE = YES;
				CLANG_WARN__DUPLICATE_METHOD_MATCH = YES;
				COPY_PHASE_STRIP = NO;
				DEBUG_INFORMATION_FORMAT = "dwarf-with-dsym";
				ENABLE_NS_ASSERTIONS = NO;
				ENABLE_STRICT_OBJC_MSGSEND = YES;
				ENABLE_USER_SCRIPT_SANDBOXING = YES;
				GCC_C_LANGUAGE_STANDARD = gnu17;
				GCC_NO_COMMON_BLOCKS = YES;
				GCC_WARN_64_TO_32_BIT_CONVERSION = YES;
				GCC_WARN_ABOUT_RETURN_TYPE = YES_ERROR;
				GCC_WARN_UNDECLARED_SELECTOR = YES;
				GCC_WARN_UNINITIALIZED_AUTOS = YES_AGGRESSIVE;
				GCC_WARN_UNUSED_FUNCTION = YES;
				GCC_WARN_UNUSED_VARIABLE = YES;
				LOCALIZATION_PREFERS_STRING_CATALOGS = YES;
				MTL_ENABLE_DEBUG_INFO = NO;
				MTL_FAST_MATH = YES;
				SWIFT_COMPILATION_MODE = wholemodule;
			};
			name = Release;
		};
		B7D69BF12F21EA6000FB5504 /* Debug */ = {
			isa = XCBuildConfiguration;
			buildSettings = {
				ASSETCATALOG_COMPILER_APPICON_NAME = AppIcon;
				ASSETCATALOG_COMPILER_GLOBAL_ACCENT_COLOR_NAME = AccentColor;
				CODE_SIGN_ENTITLEMENTS = swiftuilearning/swiftuilearning.entitlements;
				CODE_SIGN_IDENTITY = "Apple Development";
				CODE_SIGN_STYLE = Automatic;
				CURRENT_PROJECT_VERSION = 1;
				DEVELOPMENT_ASSET_PATHS = "\"swiftuilearning/Preview Content\"";
				DEVELOPMENT_TEAM = 2633M77RVP;
				ENABLE_PREVIEWS = YES;
				GENERATE_INFOPLIST_FILE = YES;
				INFOPLIST_FILE = swiftuilearning/Info.plist;
				"INFOPLIST_KEY_UIApplicationSceneManifest_Generation[sdk=iphoneos*]" = YES;
				"INFOPLIST_KEY_UIApplicationSceneManifest_Generation[sdk=iphonesimulator*]" = YES;
				"INFOPLIST_KEY_UIApplicationSupportsIndirectInputEvents[sdk=iphoneos*]" = YES;
				"INFOPLIST_KEY_UIApplicationSupportsIndirectInputEvents[sdk=iphonesimulator*]" = YES;
				"INFOPLIST_KEY_UILaunchScreen_Generation[sdk=iphoneos*]" = YES;
				"INFOPLIST_KEY_UILaunchScreen_Generation[sdk=iphonesimulator*]" = YES;
				"INFOPLIST_KEY_UIStatusBarStyle[sdk=iphoneos*]" = UIStatusBarStyleDefault;
				"INFOPLIST_KEY_UIStatusBarStyle[sdk=iphonesimulator*]" = UIStatusBarStyleDefault;
				INFOPLIST_KEY_UISupportedInterfaceOrientations_iPad = "UIInterfaceOrientationPortrait UIInterfaceOrientationPortraitUpsideDown UIInterfaceOrientationLandscapeLeft UIInterfaceOrientationLandscapeRight";
				INFOPLIST_KEY_UISupportedInterfaceOrientations_iPhone = "UIInterfaceOrientationPortrait UIInterfaceOrientationLandscapeLeft UIInterfaceOrientationLandscapeRight";
				IPHONEOS_DEPLOYMENT_TARGET = 18.1;
				LD_RUNPATH_SEARCH_PATHS = "@executable_path/Frameworks";
				"LD_RUNPATH_SEARCH_PATHS[sdk=macosx*]" = "@executable_path/../Frameworks";
				MACOSX_DEPLOYMENT_TARGET = 15.1;
				MARKETING_VERSION = 1.0;
				PRODUCT_BUNDLE_IDENTIFIER = com.innovature.firebasetest;
				PRODUCT_NAME = "$(TARGET_NAME)";
				PROVISIONING_PROFILE_SPECIFIER = "";
				SDKROOT = auto;
				SUPPORTED_PLATFORMS = "iphoneos iphonesimulator macosx xros xrsimulator";
				SWIFT_EMIT_LOC_STRINGS = YES;
				SWIFT_VERSION = 5.0;
				TARGETED_DEVICE_FAMILY = "1,2,7";
				XROS_DEPLOYMENT_TARGET = 2.1;
			};
			name = Debug;
		};
		B7D69BF22F21EA6000FB5504 /* Release */ = {
			isa = XCBuildConfiguration;
			buildSettings = {
				ASSETCATALOG_COMPILER_APPICON_NAME = AppIcon;
				ASSETCATALOG_COMPILER_GLOBAL_ACCENT_COLOR_NAME = AccentColor;
				CODE_SIGN_ENTITLEMENTS = swiftuilearning/swiftuilearning.entitlements;
				CODE_SIGN_IDENTITY = "Apple Development";
				CODE_SIGN_STYLE = Automatic;
				CURRENT_PROJECT_VERSION = 1;
				DEVELOPMENT_ASSET_PATHS = "\"swiftuilearning/Preview Content\"";
				DEVELOPMENT_TEAM = 2633M77RVP;
				ENABLE_PREVIEWS = YES;
				GENERATE_INFOPLIST_FILE = YES;
				INFOPLIST_FILE = swiftuilearning/Info.plist;
				"INFOPLIST_KEY_UIApplicationSceneManifest_Generation[sdk=iphoneos*]" = YES;
				"INFOPLIST_KEY_UIApplicationSceneManifest_Generation[sdk=iphonesimulator*]" = YES;
				"INFOPLIST_KEY_UIApplicationSupportsIndirectInputEvents[sdk=iphoneos*]" = YES;
				"INFOPLIST_KEY_UIApplicationSupportsIndirectInputEvents[sdk=iphonesimulator*]" = YES;
				"INFOPLIST_KEY_UILaunchScreen_Generation[sdk=iphoneos*]" = YES;
				"INFOPLIST_KEY_UILaunchScreen_Generation[sdk=iphonesimulator*]" = YES;
				"INFOPLIST_KEY_UIStatusBarStyle[sdk=iphoneos*]" = UIStatusBarStyleDefault;
				"INFOPLIST_KEY_UIStatusBarStyle[sdk=iphonesimulator*]" = UIStatusBarStyleDefault;
				INFOPLIST_KEY_UISupportedInterfaceOrientations_iPad = "UIInterfaceOrientationPortrait UIInterfaceOrientationPortraitUpsideDown UIInterfaceOrientationLandscapeLeft UIInterfaceOrientationLandscapeRight";
				INFOPLIST_KEY_UISupportedInterfaceOrientations_iPhone = "UIInterfaceOrientationPortrait UIInterfaceOrientationLandscapeLeft UIInterfaceOrientationLandscapeRight";
				IPHONEOS_DEPLOYMENT_TARGET = 18.1;
				LD_RUNPATH_SEARCH_PATHS = "@executable_path/Frameworks";
				"LD_RUNPATH_SEARCH_PATHS[sdk=macosx*]" = "@executable_path/../Frameworks";
				MACOSX_DEPLOYMENT_TARGET = 15.1;
				MARKETING_VERSION = 1.0;
				PRODUCT_BUNDLE_IDENTIFIER = com.innovature.firebasetest;
				PRODUCT_NAME = "$(TARGET_NAME)";
				PROVISIONING_PROFILE_SPECIFIER = "";
				SDKROOT = auto;
				SUPPORTED_PLATFORMS = "iphoneos iphonesimulator macosx xros xrsimulator";
				SWIFT_EMIT_LOC_STRINGS = YES;
				SWIFT_VERSION = 5.0;
				TARGETED_DEVICE_FAMILY = "1,2,7";
				XROS_DEPLOYMENT_TARGET = 2.1;
			};
			name = Release;
		};
		B7D69BF42F21EA6000FB5504 /* Debug */ = {
			isa = XCBuildConfiguration;
			buildSettings = {
				BUNDLE_LOADER = "$(TEST_HOST)";
				CODE_SIGN_STYLE = Automatic;
				CURRENT_PROJECT_VERSION = 1;
				GENERATE_INFOPLIST_FILE = YES;
				IPHONEOS_DEPLOYMENT_TARGET = 18.1;
				MACOSX_DEPLOYMENT_TARGET = 15.1;
				MARKETING_VERSION = 1.0;
				PRODUCT_BUNDLE_IDENTIFIER = com.irshadtkd.writeaway.swiftuilearningTests;
				PRODUCT_NAME = "$(TARGET_NAME)";
				SDKROOT = auto;
				SUPPORTED_PLATFORMS = "iphoneos iphonesimulator macosx xros xrsimulator";
				SWIFT_EMIT_LOC_STRINGS = NO;
				SWIFT_VERSION = 5.0;
				TARGETED_DEVICE_FAMILY = "1,2,7";
				TEST_HOST = "$(BUILT_PRODUCTS_DIR)/swiftuilearning.app/$(BUNDLE_EXECUTABLE_FOLDER_PATH)/swiftuilearning";
				XROS_DEPLOYMENT_TARGET = 2.1;
			};
			name = Debug;
		};
		B7D69BF52F21EA6000FB5504 /* Release */ = {
			isa = XCBuildConfiguration;
			buildSettings = {
				BUNDLE_LOADER = "$(TEST_HOST)";
				CODE_SIGN_STYLE = Automatic;
				CURRENT_PROJECT_VERSION = 1;
				GENERATE_INFOPLIST_FILE = YES;
				IPHONEOS_DEPLOYMENT_TARGET = 18.1;
				MACOSX_DEPLOYMENT_TARGET = 15.1;
				MARKETING_VERSION = 1.0;
				PRODUCT_BUNDLE_IDENTIFIER = com.irshadtkd.writeaway.swiftuilearningTests;
				PRODUCT_NAME = "$(TARGET_NAME)";
				SDKROOT = auto;
				SUPPORTED_PLATFORMS = "iphoneos iphonesimulator macosx xros xrsimulator";
				SWIFT_EMIT_LOC_STRINGS = NO;
				SWIFT_VERSION = 5.0;
				TARGETED_DEVICE_FAMILY = "1,2,7";
				TEST_HOST = "$(BUILT_PRODUCTS_DIR)/swiftuilearning.app/$(BUNDLE_EXECUTABLE_FOLDER_PATH)/swiftuilearning";
				XROS_DEPLOYMENT_TARGET = 2.1;
			};
			name = Release;
		};
		B7D69BF72F21EA6000FB5504 /* Debug */ = {
			isa = XCBuildConfiguration;
			buildSettings = {
				CODE_SIGN_STYLE = Automatic;
				CURRENT_PROJECT_VERSION = 1;
				GENERATE_INFOPLIST_FILE = YES;
				IPHONEOS_DEPLOYMENT_TARGET = 18.1;
				MACOSX_DEPLOYMENT_TARGET = 15.1;
				MARKETING_VERSION = 1.0;
				PRODUCT_BUNDLE_IDENTIFIER = com.irshadtkd.writeaway.swiftuilearningUITests;
				PRODUCT_NAME = "$(TARGET_NAME)";
				SDKROOT = auto;
				SUPPORTED_PLATFORMS = "iphoneos iphonesimulator macosx xros xrsimulator";
				SWIFT_EMIT_LOC_STRINGS = NO;
				SWIFT_VERSION = 5.0;
				TARGETED_DEVICE_FAMILY = "1,2,7";
				TEST_TARGET_NAME = swiftuilearning;
				XROS_DEPLOYMENT_TARGET = 2.1;
			};
			name = Debug;
		};
		B7D69BF82F21EA6000FB5504 /* Release */ = {
			isa = XCBuildConfiguration;
			buildSettings = {
				CODE_SIGN_STYLE = Automatic;
				CURRENT_PROJECT_VERSION = 1;
				GENERATE_INFOPLIST_FILE = YES;
				IPHONEOS_DEPLOYMENT_TARGET = 18.1;
				MACOSX_DEPLOYMENT_TARGET = 15.1;
				MARKETING_VERSION = 1.0;
				PRODUCT_BUNDLE_IDENTIFIER = com.irshadtkd.writeaway.swiftuilearningUITests;
				PRODUCT_NAME = "$(TARGET_NAME)";
				SDKROOT = auto;
				SUPPORTED_PLATFORMS = "iphoneos iphonesimulator macosx xros xrsimulator";
				SWIFT_EMIT_LOC_STRINGS = NO;
				SWIFT_VERSION = 5.0;
				TARGETED_DEVICE_FAMILY = "1,2,7";
				TEST_TARGET_NAME = swiftuilearning;
				XROS_DEPLOYMENT_TARGET = 2.1;
			};
			name = Release;
		};
/* End XCBuildConfiguration section */

/* Begin XCConfigurationList section */
		B7D69BC62F21EA5D00FB5504 /* Build configuration list for PBXProject "swiftuilearning" */ = {
			isa = XCConfigurationList;
			buildConfigurations = (
				B7D69BEE2F21EA6000FB5504 /* Debug */,
				B7D69BEF2F21EA6000FB5504 /* Release */,
			);
			defaultConfigurationIsVisible = 0;
			defaultConfigurationName = Release;
		};
		B7D69BF02F21EA6000FB5504 /* Build configuration list for PBXNativeTarget "swiftuilearning" */ = {
			isa = XCConfigurationList;
			buildConfigurations = (
				B7D69BF12F21EA6000FB5504 /* Debug */,
				B7D69BF22F21EA6000FB5504 /* Release */,
			);
			defaultConfigurationIsVisible = 0;
			defaultConfigurationName = Release;
		};
		B7D69BF32F21EA6000FB5504 /* Build configuration list for PBXNativeTarget "swiftuilearningTests" */ = {
			isa = XCConfigurationList;
			buildConfigurations = (
				B7D69BF42F21EA6000FB5504 /* Debug */,
				B7D69BF52F21EA6000FB5504 /* Release */,
			);
			defaultConfigurationIsVisible = 0;
			defaultConfigurationName = Release;
		};
		B7D69BF62F21EA6000FB5504 /* Build configuration list for PBXNativeTarget "swiftuilearningUITests" */ = {
			isa = XCConfigurationList;
			buildConfigurations = (
				B7D69BF72F21EA6000FB5504 /* Debug */,
				B7D69BF82F21EA6000FB5504 /* Release */,
			);
			defaultConfigurationIsVisible = 0;
			defaultConfigurationName = Release;
		};
/* End XCConfigurationList section */

/* Begin XCRemoteSwiftPackageReference section */
		B701A7682F232CF00046F870 /* XCRemoteSwiftPackageReference "firebase-ios-sdk" */ = {
			isa = XCRemoteSwiftPackageReference;
			repositoryURL = "https://github.com/firebase/firebase-ios-sdk";
			requirement = {
				kind = upToNextMajorVersion;
				minimumVersion = 12.8.0;
			};
		};
/* End XCRemoteSwiftPackageReference section */

/* Begin XCSwiftPackageProductDependency section */
		B701A7692F232DE80046F870 /* FirebaseAuth */ = {
			isa = XCSwiftPackageProductDependency;
			package = B701A7682F232CF00046F870 /* XCRemoteSwiftPackageReference "firebase-ios-sdk" */;
			productName = FirebaseAuth;
		};
		B709EDFC2F9601E0002CAB18 /* FirebaseMessaging */ = {
			isa = XCSwiftPackageProductDependency;
			package = B701A7682F232CF00046F870 /* XCRemoteSwiftPackageReference "firebase-ios-sdk" */;
			productName = FirebaseMessaging;
		};
		B722805D2F2873BB003C3BCE /* FirebaseCore */ = {
			isa = XCSwiftPackageProductDependency;
			package = B701A7682F232CF00046F870 /* XCRemoteSwiftPackageReference "firebase-ios-sdk" */;
			productName = FirebaseCore;
		};
/* End XCSwiftPackageProductDependency section */
	};
	rootObject = B7D69BC32F21EA5D00FB5504 /* Project object */;
}
